
Microsoft Visual Studio Solution File, Format Version 12.00
# Visual Studio Version 16
VisualStudioVersion = 16.0.31424.327
MinimumVisualStudioVersion = 10.0.40219.1
Project("{FAE04EC0-301F-11D3-BF4B-00C04F79EFBC}") = "ApiLogin", "ApiLogin.csproj", "{EE6468F8-C5CE-498B-80EA-ECC2D8ECF310}"
EndProject
Global
	GlobalSection(SolutionConfigurationPlatforms) = preSolution
		Debug|Any CPU = Debug|Any CPU
		Release|Any CPU = Release|Any CPU
	EndGlobalSection
	GlobalSection(ProjectConfigurationPlatforms) = postSolution
		{EE6468F8-C5CE-498B-80EA-ECC2D8ECF310}.Debug|Any CPU.ActiveCfg = Debug|Any CPU
		{EE6468F8-C5CE-498B-80EA-ECC2D8ECF310}.Debug|Any CPU.Build.0 = Debug|Any CPU
		{EE6468F8-C5CE-498B-80EA-ECC2D8ECF310}.Release|Any CPU.ActiveCfg = Release|Any CPU
		{EE6468F8-C5CE-498B-80EA-ECC2D8ECF310}.Release|Any CPU.Build.0 = Release|Any CPU
	EndGlobalSection
	GlobalSection(SolutionProperties) = preSolution
		HideSolutionNode = FALSE
	EndGlobalSection
	GlobalSection(ExtensibilityGlobals) = postSolution
		SolutionGuid = {14E0EE37-CDC8-490E-B2B5-F26FBF25C928}
	EndGlobalSection
EndGlobal
